// !$*UTF8*$!
{
	archiveVersion = 1;
	classes = {
	};
	objectVersion = 56;
	objects = {

/* Begin PBXBuildFile section */
		BDB228802C53AAFA00535BB6 /* questionsAppApp.swift in Sources */ = {isa = PBXBuildFile; fileRef = BDB2287F2C53AAFA00535BB6 /* questionsAppApp.swift */; };
		BDB228822C53AAFA00535BB6 /* ContentView.swift in Sources */ = {isa = PBXBuildFile; fileRef = BDB228812C53AAFA00535BB6 /* ContentView.swift */; };
		BDB228842C53AAFC00535BB6 /* Assets.xcassets in Resources */ = {isa = PBXBuildFile; fileRef = BDB228832C53AAFC00535BB6 /* Assets.xcassets */; };
		BDB228872C53AAFC00535BB6 /* Preview Assets.xcassets in Resources */ = {isa = PBXBuildFile; fileRef = BDB228862C53AAFC00535BB6 /* Preview Assets.xcassets */; };
		BDB228912C53AAFC00535BB6 /* questionsAppTests.swift in Sources */ = {isa = PBXBuildFile; fileRef = BDB228902C53AAFC00535BB6 /* questionsAppTests.swift */; };
		BDB2289B2C53AAFC00535BB6 /* questionsAppUITests.swift in Sources */ = {isa = PBXBuildFile; fileRef = BDB2289A2C53AAFC00535BB6 /* questionsAppUITests.swift */; };
		BDB2289D2C53AAFC00535BB6 /* questionsAppUITestsLaunchTests.swift in Sources */ = {isa = PBXBuildFile; fileRef = BDB2289C2C53AAFC00535BB6 /* questionsAppUITestsLaunchTests.swift */; };
		BDB228AA2C53ACCE00535BB6 /* q1.swift in Sources */ = {isa = PBXBuildFile; fileRef = BDB228A92C53ACCE00535BB6 /* q1.swift */; };
		BDB228AE2C53B2B500535BB6 /* q1incorrect.swift in Sources */ = {isa = PBXBuildFile; fileRef = BDB228AD2C53B2B500535BB6 /* q1incorrect.swift */; };
		BDB228B02C53B32600535BB6 /* q1correct.swift in Sources */ = {isa = PBXBuildFile; fileRef = BDB228AF2C53B32600535BB6 /* q1correct.swift */; };
		BDB228B22C53B49700535BB6 /* q2.swift in Sources */ = {isa = PBXBuildFile; fileRef = BDB228B12C53B49700535BB6 /* q2.swift */; };
		BDB228B42C53B7F600535BB6 /* q2correct.swift in Sources */ = {isa = PBXBuildFile; fileRef = BDB228B32C53B7F600535BB6 /* q2correct.swift */; };
		BDB228B62C53B80900535BB6 /* q2incorrect.swift in Sources */ = {isa = PBXBuildFile; fileRef = BDB228B52C53B80900535BB6 /* q2incorrect.swift */; };
		BDB228B82C53B84F00535BB6 /* q3.swift in Sources */ = {isa = PBXBuildFile; fileRef = BDB228B72C53B84F00535BB6 /* q3.swift */; };
		BDB228BA2C53BA9900535BB6 /* q3correct.swift in Sources */ = {isa = PBXBuildFile; fileRef = BDB228B92C53BA9900535BB6 /* q3correct.swift */; };
		BDB228BC2C53BAC000535BB6 /* q3incorrect.swift in Sources */ = {isa = PBXBuildFile; fileRef = BDB228BB2C53BAC000535BB6 /* q3incorrect.swift */; };
/* End PBXBuildFile section */

/* Begin PBXContainerItemProxy section */
		BDB2288D2C53AAFC00535BB6 /* PBXContainerItemProxy */ = {
			isa = PBXContainerItemProxy;
			containerPortal = BDB228742C53AAFA00535BB6 /* Project object */;
			proxyType = 1;
			remoteGlobalIDString = BDB2287B2C53AAFA00535BB6;
			remoteInfo = questionsApp;
		};
		BDB228972C53AAFC00535BB6 /* PBXContainerItemProxy */ = {
			isa = PBXContainerItemProxy;
			containerPortal = BDB228742C53AAFA00535BB6 /* Project object */;
			proxyType = 1;
			remoteGlobalIDString = BDB2287B2C53AAFA00535BB6;
			remoteInfo = questionsApp;
		};
/* End PBXContainerItemProxy section */

/* Begin PBXFileReference section */
		BDB2287C2C53AAFA00535BB6 /* questionsApp.app */ = {isa = PBXFileReference; explicitFileType = wrapper.application; includeInIndex = 0; path = questionsApp.app; sourceTree = BUILT_PRODUCTS_DIR; };
		BDB2287F2C53AAFA00535BB6 /* questionsAppApp.swift */ = {isa = PBXFileReference; lastKnownFileType = sourcecode.swift; path = questionsAppApp.swift; sourceTree = "<group>"; };
		BDB228812C53AAFA00535BB6 /* ContentView.swift */ = {isa = PBXFileReference; lastKnownFileType = sourcecode.swift; path = ContentView.swift; sourceTree = "<group>"; };
		BDB228832C53AAFC00535BB6 /* Assets.xcassets */ = {isa = PBXFileReference; lastKnownFileType = folder.assetcatalog; path = Assets.xcassets; sourceTree = "<group>"; };
		BDB228862C53AAFC00535BB6 /* Preview Assets.xcassets */ = {isa = PBXFileReference; lastKnownFileType = folder.assetcatalog; path = "Preview Assets.xcassets"; sourceTree = "<group>"; };
		BDB2288C2C53AAFC00535BB6 /* questionsAppTests.xctest */ = {isa = PBXFileReference; explicitFileType = wrapper.cfbundle; includeInIndex = 0; path = questionsAppTests.xctest; sourceTree = BUILT_PRODUCTS_DIR; };
		BDB228902C53AAFC00535BB6 /* questionsAppTests.swift */ = {isa = PBXFileReference; lastKnownFileType = sourcecode.swift; path = questionsAppTests.swift; sourceTree = "<group>"; };
		BDB228962C53AAFC00535BB6 /* questionsAppUITests.xctest */ = {isa = PBXFileReference; explicitFileType = wrapper.cfbundle; includeInIndex = 0; path = questionsAppUITests.xctest; sourceTree = BUILT_PRODUCTS_DIR; };
		BDB2289A2C53AAFC00535BB6 /* questionsAppUITests.swift */ = {isa = PBXFileReference; lastKnownFileType = sourcecode.swift; path = questionsAppUITests.swift; sourceTree = "<group>"; };
		BDB2289C2C53AAFC00535BB6 /* questionsAppUITestsLaunchTests.swift */ = {isa = PBXFileReference; lastKnownFileType = sourcecode.swift; path = questionsAppUITestsLaunchTests.swift; sourceTree = "<group>"; };
		BDB228A92C53ACCE00535BB6 /* q1.swift */ = {isa = PBXFileReference; lastKnownFileType = sourcecode.swift; path = q1.swift; sourceTree = "<group>"; };
		BDB228AD2C53B2B500535BB6 /* q1incorrect.swift */ = {isa = PBXFileReference; lastKnownFileType = sourcecode.swift; path = q1incorrect.swift; sourceTree = "<group>"; };
		BDB228AF2C53B32600535BB6 /* q1correct.swift */ = {isa = PBXFileReference; lastKnownFileType = sourcecode.swift; path = q1correct.swift; sourceTree = "<group>"; };
		BDB228B12C53B49700535BB6 /* q2.swift */ = {isa = PBXFileReference; lastKnownFileType = sourcecode.swift; path = q2.swift; sourceTree = "<group>"; };
		BDB228B32C53B7F600535BB6 /* q2correct.swift */ = {isa = PBXFileReference; lastKnownFileType = sourcecode.swift; path = q2correct.swift; sourceTree = "<group>"; };
		BDB228B52C53B80900535BB6 /* q2incorrect.swift */ = {isa = PBXFileReference; lastKnownFileType = sourcecode.swift; path = q2incorrect.swift; sourceTree = "<group>"; };
		BDB228B72C53B84F00535BB6 /* q3.swift */ = {isa = PBXFileReference; lastKnownFileType = sourcecode.swift; path = q3.swift; sourceTree = "<group>"; };
		BDB228B92C53BA9900535BB6 /* q3correct.swift */ = {isa = PBXFileReference; lastKnownFileType = sourcecode.swift; path = q3correct.swift; sourceTree = "<group>"; };
		BDB228BB2C53BAC000535BB6 /* q3incorrect.swift */ = {isa = PBXFileReference; lastKnownFileType = sourcecode.swift; path = q3incorrect.swift; sourceTree = "<group>"; };
/* End PBXFileReference section */

/* Begin PBXFrameworksBuildPhase section */
		BDB228792C53AAFA00535BB6 /* Frameworks */ = {
			isa = PBXFrameworksBuildPhase;
			buildActionMask = 2147483647;
			files = (
			);
			runOnlyForDeploymentPostprocessing = 0;
		};
		BDB228892C53AAFC00535BB6 /* Frameworks */ = {
			isa = PBXFrameworksBuildPhase;
			buildActionMask = 2147483647;
			files = (
			);
			runOnlyForDeploymentPostprocessing = 0;
		};
		BDB228932C53AAFC00535BB6 /* Frameworks */ = {
			isa = PBXFrameworksBuildPhase;
			buildActionMask = 2147483647;
			files = (
			);
			runOnlyForDeploymentPostprocessing = 0;
		};
/* End PBXFrameworksBuildPhase section */

/* Begin PBXGroup section */
		BDB228732C53AAFA00535BB6 = {
			isa = PBXGroup;
			children = (
				BDB2287E2C53AAFA00535BB6 /* questionsApp */,
				BDB2288F2C53AAFC00535BB6 /* questionsAppTests */,
				BDB228992C53AAFC00535BB6 /* questionsAppUITests */,
				BDB2287D2C53AAFA00535BB6 /* Products */,
			);
			sourceTree = "<group>";
		};
		BDB2287D2C53AAFA00535BB6 /* Products */ = {
			isa = PBXGroup;
			children = (
				BDB2287C2C53AAFA00535BB6 /* questionsApp.app */,
				BDB2288C2C53AAFC00535BB6 /* questionsAppTests.xctest */,
				BDB228962C53AAFC00535BB6 /* questionsAppUITests.xctest */,
			);
			name = Products;
			sourceTree = "<group>";
		};
		BDB2287E2C53AAFA00535BB6 /* questionsApp */ = {
			isa = PBXGroup;
			children = (
				BDB2287F2C53AAFA00535BB6 /* questionsAppApp.swift */,
				BDB228812C53AAFA00535BB6 /* ContentView.swift */,
				BDB228A92C53ACCE00535BB6 /* q1.swift */,
				BDB228AF2C53B32600535BB6 /* q1correct.swift */,
				BDB228AD2C53B2B500535BB6 /* q1incorrect.swift */,
				BDB228B12C53B49700535BB6 /* q2.swift */,
				BDB228B32C53B7F600535BB6 /* q2correct.swift */,
				BDB228B52C53B80900535BB6 /* q2incorrect.swift */,
				BDB228B72C53B84F00535BB6 /* q3.swift */,
				BDB228B92C53BA9900535BB6 /* q3correct.swift */,
				BDB228BB2C53BAC000535BB6 /* q3incorrect.swift */,
				BDB228832C53AAFC00535BB6 /* Assets.xcassets */,
				BDB228852C53AAFC00535BB6 /* Preview Content */,
			);
			path = questionsApp;
			sourceTree = "<group>";
		};
		BDB228852C53AAFC00535BB6 /* Preview Content */ = {
			isa = PBXGroup;
			children = (
				BDB228862C53AAFC00535BB6 /* Preview Assets.xcassets */,
			);
			path = "Preview Content";
			sourceTree = "<group>";
		};
		BDB2288F2C53AAFC00535BB6 /* questionsAppTests */ = {
			isa = PBXGroup;
			children = (
				BDB228902C53AAFC00535BB6 /* questionsAppTests.swift */,
			);
			path = questionsAppTests;
			sourceTree = "<group>";
		};
		BDB228992C53AAFC00535BB6 /* questionsAppUITests */ = {
			isa = PBXGroup;
			children = (
				BDB2289A2C53AAFC00535BB6 /* questionsAppUITests.swift */,
				BDB2289C2C53AAFC00535BB6 /* questionsAppUITestsLaunchTests.swift */,
			);
			path = questionsAppUITests;
			sourceTree = "<group>";
		};
/* End PBXGroup section */

/* Begin PBXNativeTarget section */
		BDB2287B2C53AAFA00535BB6 /* questionsApp */ = {
			isa = PBXNativeTarget;
			buildConfigurationList = BDB228A02C53AAFC00535BB6 /* Build configuration list for PBXNativeTarget "questionsApp" */;
			buildPhases = (
				BDB228782C53AAFA00535BB6 /* Sources */,
				BDB228792C53AAFA00535BB6 /* Frameworks */,
				BDB2287A2C53AAFA00535BB6 /* Resources */,
			);
			buildRules = (
			);
			dependencies = (
			);
			name = questionsApp;
			productName = questionsApp;
			productReference = BDB2287C2C53AAFA00535BB6 /* questionsApp.app */;
			productType = "com.apple.product-type.application";
		};
		BDB2288B2C53AAFC00535BB6 /* questionsAppTests */ = {
			isa = PBXNativeTarget;
			buildConfigurationList = BDB228A32C53AAFC00535BB6 /* Build configuration list for PBXNativeTarget "questionsAppTests" */;
			buildPhases = (
				BDB228882C53AAFC00535BB6 /* Sources */,
				BDB228892C53AAFC00535BB6 /* Frameworks */,
				BDB2288A2C53AAFC00535BB6 /* Resources */,
			);
			buildRules = (
			);
			dependencies = (
				BDB2288E2C53AAFC00535BB6 /* PBXTargetDependency */,
			);
			name = questionsAppTests;
			productName = questionsAppTests;
			productReference = BDB2288C2C53AAFC00535BB6 /* questionsAppTests.xctest */;
			productType = "com.apple.product-type.bundle.unit-test";
		};
		BDB228952C53AAFC00535BB6 /* questionsAppUITests */ = {
			isa = PBXNativeTarget;
			buildConfigurationList = BDB228A62C53AAFC00535BB6 /* Build configuration list for PBXNativeTarget "questionsAppUITests" */;
			buildPhases = (
				BDB228922C53AAFC00535BB6 /* Sources */,
				BDB228932C53AAFC00535BB6 /* Frameworks */,
				BDB228942C53AAFC00535BB6 /* Resources */,
			);
			buildRules = (
			);
			dependencies = (
				BDB228982C53AAFC00535BB6 /* PBXTargetDependency */,
			);
			name = questionsAppUITests;
			productName = questionsAppUITests;
			productReference = BDB228962C53AAFC00535BB6 /* questionsAppUITests.xctest */;
			productType = "com.apple.product-type.bundle.ui-testing";
		};
/* End PBXNativeTarget section */

/* Begin PBXProject section */
		BDB228742C53AAFA00535BB6 /* Project object */ = {
			isa = PBXProject;
			attributes = {
				BuildIndependentTargetsInParallel = 1;
				LastSwiftUpdateCheck = 1540;
				LastUpgradeCheck = 1540;
				TargetAttributes = {
					BDB2287B2C53AAFA00535BB6 = {
						CreatedOnToolsVersion = 15.4;
					};
					BDB2288B2C53AAFC00535BB6 = {
						CreatedOnToolsVersion = 15.4;
						TestTargetID = BDB2287B2C53AAFA00535BB6;
					};
					BDB228952C53AAFC00535BB6 = {
						CreatedOnToolsVersion = 15.4;
						TestTargetID = BDB2287B2C53AAFA00535BB6;
					};
				};
			};
			buildConfigurationList = BDB228772C53AAFA00535BB6 /* Build configuration list for PBXProject "questionsApp" */;
			compatibilityVersion = "Xcode 14.0";
			developmentRegion = en;
			hasScannedForEncodings = 0;
			knownRegions = (
				en,
				Base,
			);
			mainGroup = BDB228732C53AAFA00535BB6;
			productRefGroup = BDB2287D2C53AAFA00535BB6 /* Products */;
			projectDirPath = "";
			projectRoot = "";
			targets = (
				BDB2287B2C53AAFA00535BB6 /* questionsApp */,
				BDB2288B2C53AAFC00535BB6 /* questionsAppTests */,
				BDB228952C53AAFC00535BB6 /* questionsAppUITests */,
			);
		};
/* End PBXProject section */

/* Begin PBXResourcesBuildPhase section */
		BDB2287A2C53AAFA00535BB6 /* Resources */ = {
			isa = PBXResourcesBuildPhase;
			buildActionMask = 2147483647;
			files = (
				BDB228872C53AAFC00535BB6 /* Preview Assets.xcassets in Resources */,
				BDB228842C53AAFC00535BB6 /* Assets.xcassets in Resources */,
			);
			runOnlyForDeploymentPostprocessing = 0;
		};
		BDB2288A2C53AAFC00535BB6 /* Resources */ = {
			isa = PBXResourcesBuildPhase;
			buildActionMask = 2147483647;
			files = (
			);
			runOnlyForDeploymentPostprocessing = 0;
		};
		BDB228942C53AAFC00535BB6 /* Resources */ = {
			isa = PBXResourcesBuildPhase;
			buildActionMask = 2147483647;
			files = (
			);
			runOnlyForDeploymentPostprocessing = 0;
		};
/* End PBXResourcesBuildPhase section */

/* Begin PBXSourcesBuildPhase section */
		BDB228782C53AAFA00535BB6 /* Sources */ = {
			isa = PBXSourcesBuildPhase;
			buildActionMask = 2147483647;
			files = (
				BDB228B62C53B80900535BB6 /* q2incorrect.swift in Sources */,
				BDB228822C53AAFA00535BB6 /* ContentView.swift in Sources */,
				BDB228B22C53B49700535BB6 /* q2.swift in Sources */,
				BDB228B02C53B32600535BB6 /* q1correct.swift in Sources */,
				BDB228B82C53B84F00535BB6 /* q3.swift in Sources */,
				BDB228BC2C53BAC000535BB6 /* q3incorrect.swift in Sources */,
				BDB228AA2C53ACCE00535BB6 /* q1.swift in Sources */,
				BDB228802C53AAFA00535BB6 /* questionsAppApp.swift in Sources */,
				BDB228AE2C53B2B500535BB6 /* q1incorrect.swift in Sources */,
				BDB228BA2C53BA9900535BB6 /* q3correct.swift in Sources */,
				BDB228B42C53B7F600535BB6 /* q2correct.swift in Sources */,
			);
			runOnlyForDeploymentPostprocessing = 0;
		};
		BDB228882C53AAFC00535BB6 /* Sources */ = {
			isa = PBXSourcesBuildPhase;
			buildActionMask = 2147483647;
			files = (
				BDB228912C53AAFC00535BB6 /* questionsAppTests.swift in Sources */,
			);
			runOnlyForDeploymentPostprocessing = 0;
		};
		BDB228922C53AAFC00535BB6 /* Sources */ = {
			isa = PBXSourcesBuildPhase;
			buildActionMask = 2147483647;
			files = (
				BDB2289D2C53AAFC00535BB6 /* questionsAppUITestsLaunchTests.swift in Sources */,
				BDB2289B2C53AAFC00535BB6 /* questionsAppUITests.swift in Sources */,
			);
			runOnlyForDeploymentPostprocessing = 0;
		};
/* End PBXSourcesBuildPhase section */

/* Begin PBXTargetDependency section */
		BDB2288E2C53AAFC00535BB6 /* PBXTargetDependency */ = {
			isa = PBXTargetDependency;
			target = BDB2287B2C53AAFA00535BB6 /* questionsApp */;
			targetProxy = BDB2288D2C53AAFC00535BB6 /* PBXContainerItemProxy */;
		};
		BDB228982C53AAFC00535BB6 /* PBXTargetDependency */ = {
			isa = PBXTargetDependency;
			target = BDB2287B2C53AAFA00535BB6 /* questionsApp */;
			targetProxy = BDB228972C53AAFC00535BB6 /* PBXContainerItemProxy */;
		};
/* End PBXTargetDependency section */

/* Begin XCBuildConfiguration section */
		BDB2289E2C53AAFC00535BB6 /* Debug */ = {
			isa = XCBuildConfiguration;
			buildSettings = {
				ALWAYS_SEARCH_USER_PATHS = NO;
				ASSETCATALOG_COMPILER_GENERATE_SWIFT_ASSET_SYMBOL_EXTENSIONS = YES;
				CLANG_ANALYZER_NONNULL = YES;
				CLANG_ANALYZER_NUMBER_OBJECT_CONVERSION = YES_AGGRESSIVE;
				CLANG_CXX_LANGUAGE_STANDARD = "gnu++20";
				CLANG_ENABLE_MODULES = YES;
				CLANG_ENABLE_OBJC_ARC = YES;
				CLANG_ENABLE_OBJC_WEAK = YES;
				CLANG_WARN_BLOCK_CAPTURE_AUTORELEASING = YES;
				CLANG_WARN_BOOL_CONVERSION = YES;
				CLANG_WARN_COMMA = YES;
				CLANG_WARN_CONSTANT_CONVERSION = YES;
				CLANG_WARN_DEPRECATED_OBJC_IMPLEMENTATIONS = YES;
				CLANG_WARN_DIRECT_OBJC_ISA_USAGE = YES_ERROR;
				CLANG_WARN_DOCUMENTATION_COMMENTS = YES;
				CLANG_WARN_EMPTY_BODY = YES;
				CLANG_WARN_ENUM_CONVERSION = YES;
				CLANG_WARN_INFINITE_RECURSION = YES;
				CLANG_WARN_INT_CONVERSION = YES;
				CLANG_WARN_NON_LITERAL_NULL_CONVERSION = YES;
				CLANG_WARN_OBJC_IMPLICIT_RETAIN_SELF = YES;
				CLANG_WARN_OBJC_LITERAL_CONVERSION = YES;
				CLANG_WARN_OBJC_ROOT_CLASS = YES_ERROR;
				CLANG_WARN_QUOTED_INCLUDE_IN_FRAMEWORK_HEADER = YES;
				CLANG_WARN_RANGE_LOOP_ANALYSIS = YES;
				CLANG_WARN_STRICT_PROTOTYPES = YES;
				CLANG_WARN_SUSPICIOUS_MOVE = YES;
				CLANG_WARN_UNGUARDED_AVAILABILITY = YES_AGGRESSIVE;
				CLANG_WARN_UNREACHABLE_CODE = YES;
				CLANG_WARN__DUPLICATE_METHOD_MATCH = YES;
				COPY_PHASE_STRIP = NO;
				DEBUG_INFORMATION_FORMAT = dwarf;
				ENABLE_STRICT_OBJC_MSGSEND = YES;
				ENABLE_TESTABILITY = YES;
				ENABLE_USER_SCRIPT_SANDBOXING = YES;
				GCC_C_LANGUAGE_STANDARD = gnu17;
				GCC_DYNAMIC_NO_PIC = NO;
				GCC_NO_COMMON_BLOCKS = YES;
				GCC_OPTIMIZATION_LEVEL = 0;
				GCC_PREPROCESSOR_DEFINITIONS = (
					"DEBUG=1",
					"$(inherited)",
				);
				GCC_WARN_64_TO_32_BIT_CONVERSION = YES;
				GCC_WARN_ABOUT_RETURN_TYPE = YES_ERROR;
				GCC_WARN_UNDECLARED_SELECTOR = YES;
				GCC_WARN_UNINITIALIZED_AUTOS = YES_AGGRESSIVE;
				GCC_WARN_UNUSED_FUNCTION = YES;
				GCC_WARN_UNUSED_VARIABLE = YES;
				IPHONEOS_DEPLOYMENT_TARGET = 17.5;
				LOCALIZATION_PREFERS_STRING_CATALOGS = YES;
				MTL_ENABLE_DEBUG_INFO = INCLUDE_SOURCE;
				MTL_FAST_MATH = YES;
				ONLY_ACTIVE_ARCH = YES;
				SDKROOT = iphoneos;
				SWIFT_ACTIVE_COMPILATION_CONDITIONS = "DEBUG $(inherited)";
				SWIFT_OPTIMIZATION_LEVEL = "-Onone";
			};
			name = Debug;
		};
		BDB2289F2C53AAFC00535BB6 /* Release */ = {
			isa = XCBuildConfiguration;
			buildSettings = {
				ALWAYS_SEARCH_USER_PATHS = NO;
				ASSETCATALOG_COMPILER_GENERATE_SWIFT_ASSET_SYMBOL_EXTENSIONS = YES;
				CLANG_ANALYZER_NONNULL = YES;
				CLANG_ANALYZER_NUMBER_OBJECT_CONVERSION = YES_AGGRESSIVE;
				CLANG_CXX_LANGUAGE_STANDARD = "gnu++20";
				CLANG_ENABLE_MODULES = YES;
				CLANG_ENABLE_OBJC_ARC = YES;
				CLANG_ENABLE_OBJC_WEAK = YES;
				CLANG_WARN_BLOCK_CAPTURE_AUTORELEASING = YES;
				CLANG_WARN_BOOL_CONVERSION = YES;
				CLANG_WARN_COMMA = YES;
				CLANG_WARN_CONSTANT_CONVERSION = YES;
				CLANG_WARN_DEPRECATED_OBJC_IMPLEMENTATIONS = YES;
				CLANG_WARN_DIRECT_OBJC_ISA_USAGE = YES_ERROR;
				CLANG_WARN_DOCUMENTATION_COMMENTS = YES;
				CLANG_WARN_EMPTY_BODY = YES;
				CLANG_WARN_ENUM_CONVERSION = YES;
				CLANG_WARN_INFINITE_RECURSION = YES;
				CLANG_WARN_INT_CONVERSION = YES;
				CLANG_WARN_NON_LITERAL_NULL_CONVERSION = YES;
				CLANG_WARN_OBJC_IMPLICIT_RETAIN_SELF = YES;
				CLANG_WARN_OBJC_LITERAL_CONVERSION = YES;
				CLANG_WARN_OBJC_ROOT_CLASS = YES_ERROR;
				CLANG_WARN_QUOTED_INCLUDE_IN_FRAMEWORK_HEADER = YES;
				CLANG_WARN_RANGE_LOOP_ANALYSIS = YES;
				CLANG_WARN_STRICT_PROTOTYPES = YES;
				CLANG_WARN_SUSPICIOUS_MOVE = YES;
				CLANG_WARN_UNGUARDED_AVAILABILITY = YES_AGGRESSIVE;
				CLANG_WARN_UNREACHABLE_CODE = YES;
				CLANG_WARN__DUPLICATE_METHOD_MATCH = YES;
				COPY_PHASE_STRIP = NO;
				DEBUG_INFORMATION_FORMAT = "dwarf-with-dsym";
				ENABLE_NS_ASSERTIONS = NO;
				ENABLE_STRICT_OBJC_MSGSEND = YES;
				ENABLE_USER_SCRIPT_SANDBOXING = YES;
				GCC_C_LANGUAGE_STANDARD = gnu17;
				GCC_NO_COMMON_BLOCKS = YES;
				GCC_WARN_64_TO_32_BIT_CONVERSION = YES;
				GCC_WARN_ABOUT_RETURN_TYPE = YES_ERROR;
				GCC_WARN_UNDECLARED_SELECTOR = YES;
				GCC_WARN_UNINITIALIZED_AUTOS = YES_AGGRESSIVE;
				GCC_WARN_UNUSED_FUNCTION = YES;
				GCC_WARN_UNUSED_VARIABLE = YES;
				IPHONEOS_DEPLOYMENT_TARGET = 17.5;
				LOCALIZATION_PREFERS_STRING_CATALOGS = YES;
				MTL_ENABLE_DEBUG_INFO = NO;
				MTL_FAST_MATH = YES;
				SDKROOT = iphoneos;
				SWIFT_COMPILATION_MODE = wholemodule;
				VALIDATE_PRODUCT = YES;
			};
			name = Release;
		};
		BDB228A12C53AAFC00535BB6 /* Debug */ = {
			isa = XCBuildConfiguration;
			buildSettings = {
				ASSETCATALOG_COMPILER_APPICON_NAME = AppIcon;
				ASSETCATALOG_COMPILER_GLOBAL_ACCENT_COLOR_NAME = AccentColor;
				CODE_SIGN_STYLE = Automatic;
				CURRENT_PROJECT_VERSION = 1;
				DEVELOPMENT_ASSET_PATHS = "\"questionsApp/Preview Content\"";
				ENABLE_PREVIEWS = YES;
				GENERATE_INFOPLIST_FILE = YES;
				INFOPLIST_KEY_UIApplicationSceneManifest_Generation = YES;
				INFOPLIST_KEY_UIApplicationSupportsIndirectInputEvents = YES;
				INFOPLIST_KEY_UILaunchScreen_Generation = YES;
				INFOPLIST_KEY_UISupportedInterfaceOrientations_iPad = "UIInterfaceOrientationPortrait UIInterfaceOrientationPortraitUpsideDown UIInterfaceOrientationLandscapeLeft UIInterfaceOrientationLandscapeRight";
				INFOPLIST_KEY_UISupportedInterfaceOrientations_iPhone = "UIInterfaceOrientationPortrait UIInterfaceOrientationLandscapeLeft UIInterfaceOrientationLandscapeRight";
				LD_RUNPATH_SEARCH_PATHS = (
					"$(inherited)",
					"@executable_path/Frameworks",
				);
				MARKETING_VERSION = 1.0;
				PRODUCT_BUNDLE_IDENTIFIER = kwk.questionsApp;
				PRODUCT_NAME = "$(TARGET_NAME)";
				SWIFT_EMIT_LOC_STRINGS = YES;
				SWIFT_VERSION = 5.0;
				TARGETED_DEVICE_FAMILY = "1,2";
			};
			name = Debug;
		};
		BDB228A22C53AAFC00535BB6 /* Release */ = {
			isa = XCBuildConfiguration;
			buildSettings = {
				ASSETCATALOG_COMPILER_APPICON_NAME = AppIcon;
				ASSETCATALOG_COMPILER_GLOBAL_ACCENT_COLOR_NAME = AccentColor;
				CODE_SIGN_STYLE = Automatic;
				CURRENT_PROJECT_VERSION = 1;
				DEVELOPMENT_ASSET_PATHS = "\"questionsApp/Preview Content\"";
				ENABLE_PREVIEWS = YES;
				GENERATE_INFOPLIST_FILE = YES;
				INFOPLIST_KEY_UIApplicationSceneManifest_Generation = YES;
				INFOPLIST_KEY_UIApplicationSupportsIndirectInputEvents = YES;
				INFOPLIST_KEY_UILaunchScreen_Generation = YES;
				INFOPLIST_KEY_UISupportedInterfaceOrientations_iPad = "UIInterfaceOrientationPortrait UIInterfaceOrientationPortraitUpsideDown UIInterfaceOrientationLandscapeLeft UIInterfaceOrientationLandscapeRight";
				INFOPLIST_KEY_UISupportedInterfaceOrientations_iPhone = "UIInterfaceOrientationPortrait UIInterfaceOrientationLandscapeLeft UIInterfaceOrientationLandscapeRight";
				LD_RUNPATH_SEARCH_PATHS = (
					"$(inherited)",
					"@executable_path/Frameworks",
				);
				MARKETING_VERSION = 1.0;
				PRODUCT_BUNDLE_IDENTIFIER = kwk.questionsApp;
				PRODUCT_NAME = "$(TARGET_NAME)";
				SWIFT_EMIT_LOC_STRINGS = YES;
				SWIFT_VERSION = 5.0;
				TARGETED_DEVICE_FAMILY = "1,2";
			};
			name = Release;
		};
		BDB228A42C53AAFC00535BB6 /* Debug */ = {
			isa = XCBuildConfiguration;
			buildSettings = {
				ALWAYS_EMBED_SWIFT_STANDARD_LIBRARIES = YES;
				BUNDLE_LOADER = "$(TEST_HOST)";
				CODE_SIGN_STYLE = Automatic;
				CURRENT_PROJECT_VERSION = 1;
				GENERATE_INFOPLIST_FILE = YES;
				IPHONEOS_DEPLOYMENT_TARGET = 17.5;
				MARKETING_VERSION = 1.0;
				PRODUCT_BUNDLE_IDENTIFIER = kwk.questionsAppTests;
				PRODUCT_NAME = "$(TARGET_NAME)";
				SWIFT_EMIT_LOC_STRINGS = NO;
				SWIFT_VERSION = 5.0;
				TARGETED_DEVICE_FAMILY = "1,2";
				TEST_HOST = "$(BUILT_PRODUCTS_DIR)/questionsApp.app/$(BUNDLE_EXECUTABLE_FOLDER_PATH)/questionsApp";
			};
			name = Debug;
		};
		BDB228A52C53AAFC00535BB6 /* Release */ = {
			isa = XCBuildConfiguration;
			buildSettings = {
				ALWAYS_EMBED_SWIFT_STANDARD_LIBRARIES = YES;
				BUNDLE_LOADER = "$(TEST_HOST)";
				CODE_SIGN_STYLE = Automatic;
				CURRENT_PROJECT_VERSION = 1;
				GENERATE_INFOPLIST_FILE = YES;
				IPHONEOS_DEPLOYMENT_TARGET = 17.5;
				MARKETING_VERSION = 1.0;
				PRODUCT_BUNDLE_IDENTIFIER = kwk.questionsAppTests;
				PRODUCT_NAME = "$(TARGET_NAME)";
				SWIFT_EMIT_LOC_STRINGS = NO;
				SWIFT_VERSION = 5.0;
				TARGETED_DEVICE_FAMILY = "1,2";
				TEST_HOST = "$(BUILT_PRODUCTS_DIR)/questionsApp.app/$(BUNDLE_EXECUTABLE_FOLDER_PATH)/questionsApp";
			};
			name = Release;
		};
		BDB228A72C53AAFC00535BB6 /* Debug */ = {
			isa = XCBuildConfiguration;
			buildSettings = {
				ALWAYS_EMBED_SWIFT_STANDARD_LIBRARIES = YES;
				CODE_SIGN_STYLE = Automatic;
				CURRENT_PROJECT_VERSION = 1;
				GENERATE_INFOPLIST_FILE = YES;
				MARKETING_VERSION = 1.0;
				PRODUCT_BUNDLE_IDENTIFIER = kwk.questionsAppUITests;
				PRODUCT_NAME = "$(TARGET_NAME)";
				SWIFT_EMIT_LOC_STRINGS = NO;
				SWIFT_VERSION = 5.0;
				TARGETED_DEVICE_FAMILY = "1,2";
				TEST_TARGET_NAME = questionsApp;
			};
			name = Debug;
		};
		BDB228A82C53AAFC00535BB6 /* Release */ = {
			isa = XCBuildConfiguration;
			buildSettings = {
				ALWAYS_EMBED_SWIFT_STANDARD_LIBRARIES = YES;
				CODE_SIGN_STYLE = Automatic;
				CURRENT_PROJECT_VERSION = 1;
				GENERATE_INFOPLIST_FILE = YES;
				MARKETING_VERSION = 1.0;
				PRODUCT_BUNDLE_IDENTIFIER = kwk.questionsAppUITests;
				PRODUCT_NAME = "$(TARGET_NAME)";
				SWIFT_EMIT_LOC_STRINGS = NO;
				SWIFT_VERSION = 5.0;
				TARGETED_DEVICE_FAMILY = "1,2";
				TEST_TARGET_NAME = questionsApp;
			};
			name = Release;
		};
/* End XCBuildConfiguration section */

/* Begin XCConfigurationList section */
		BDB228772C53AAFA00535BB6 /* Build configuration list for PBXProject "questionsApp" */ = {
			isa = XCConfigurationList;
			buildConfigurations = (
				BDB2289E2C53AAFC00535BB6 /* Debug */,
				BDB2289F2C53AAFC00535BB6 /* Release */,
			);
			defaultConfigurationIsVisible = 0;
			defaultConfigurationName = Release;
		};
		BDB228A02C53AAFC00535BB6 /* Build configuration list for PBXNativeTarget "questionsApp" */ = {
			isa = XCConfigurationList;
			buildConfigurations = (
				BDB228A12C53AAFC00535BB6 /* Debug */,
				BDB228A22C53AAFC00535BB6 /* Release */,
			);
			defaultConfigurationIsVisible = 0;
			defaultConfigurationName = Release;
		};
		BDB228A32C53AAFC00535BB6 /* Build configuration list for PBXNativeTarget "questionsAppTests" */ = {
			isa = XCConfigurationList;
			buildConfigurations = (
				BDB228A42C53AAFC00535BB6 /* Debug */,
				BDB228A52C53AAFC00535BB6 /* Release */,
			);
			defaultConfigurationIsVisible = 0;
			defaultConfigurationName = Release;
		};
		BDB228A62C53AAFC00535BB6 /* Build configuration list for PBXNativeTarget "questionsAppUITests" */ = {
			isa = XCConfigurationList;
			buildConfigurations = (
				BDB228A72C53AAFC00535BB6 /* Debug */,
				BDB228A82C53AAFC00535BB6 /* Release */,
			);
			defaultConfigurationIsVisible = 0;
			defaultConfigurationName = Release;
		};
/* End XCConfigurationList section */
	};
	rootObject = BDB228742C53AAFA00535BB6 /* Project object */;
}
